{
  "name": "my-nodeapp",
  "version": "1.0.0",
  "lockfileVersion": 3,
  "requires": true,
  "packages": {
    "": {
      "name": "my-nodeapp",
      "version": "1.0.0",
      "license": "MIT",
      "dependencies": {
        "express": "^4.18.2"
      }
    },
    "node_modules/express": {
      "version": "4.18.2",
      "resolved": "https://registry.npmjs.org/express/-/express-4.18.2.tgz",
      "integrity": "sha512-…somehash…",
      "dependencies": {
        "accepts": "~1.3.8",
        "array-flatten": "1.1.1",
        "...": "…"
      }
    }
  },
  "dependencies": {
    "express": {
      "version": "4.18.2",
      "resolved": "https://registry.npmjs.org/express/-/express-4.18.2.tgz",
      "integrity": "sha512-…somehash…",
      "dev": false,
      "requires": {
        "accepts": "~1.3.8",
        "array-flatten": "1.1.1",
        "body-parser": "1.20.2",
        "...": "…"
      }
    }
  }
}
